
Microsoft Visual Studio Solution File, Format Version 12.00
# Visual Studio 15
VisualStudioVersion = 15.0.27428.2037
MinimumVisualStudioVersion = 10.0.40219.1
Project("{FAE04EC0-301F-11D3-BF4B-00C04F79EFBC}") = "WardrobeItemFetcher", "WardrobeItemFetcher\WardrobeItemFetcher.csproj", "{A28D41B9-B007-4588-AE91-541677F96758}"
EndProject
Global
	GlobalSection(SolutionConfigurationPlatforms) = preSolution
		Debug|Any CPU = Debug|Any CPU
		Release|Any CPU = Release|Any CPU
	EndGlobalSection
	GlobalSection(ProjectConfigurationPlatforms) = postSolution
		{A28D41B9-B007-4588-AE91-541677F96758}.Debug|Any CPU.ActiveCfg = Debug|Any CPU
		{A28D41B9-B007-4588-AE91-541677F96758}.Debug|Any CPU.Build.0 = Debug|Any CPU
		{A28D41B9-B007-4588-AE91-541677F96758}.Release|Any CPU.ActiveCfg = Release|Any CPU
		{A28D41B9-B007-4588-AE91-541677F96758}.Release|Any CPU.Build.0 = Release|Any CPU
	EndGlobalSection
	GlobalSection(SolutionProperties) = preSolution
		HideSolutionNode = FALSE
	EndGlobalSection
	GlobalSection(ExtensibilityGlobals) = postSolution
		SolutionGuid = {B2ED7F3A-51FE-409D-957E-2DCADB38D795}
	EndGlobalSection
EndGlobal
