
Microsoft Visual Studio Solution File, Format Version 12.00
# Visual Studio 15
VisualStudioVersion = 15.0.27428.2011
MinimumVisualStudioVersion = 10.0.40219.1
Project("{FAE04EC0-301F-11D3-BF4B-00C04F79EFBC}") = "WardrobeAddons-NewMod", "WardrobeAddons-NewMod\WardrobeAddons-NewMod.csproj", "{60BA59F6-B4AC-4BAA-90B2-4E1C08428F85}"
EndProject
Global
	GlobalSection(SolutionConfigurationPlatforms) = preSolution
		Debug|Any CPU = Debug|Any CPU
		Release|Any CPU = Release|Any CPU
	EndGlobalSection
	GlobalSection(ProjectConfigurationPlatforms) = postSolution
		{60BA59F6-B4AC-4BAA-90B2-4E1C08428F85}.Debug|Any CPU.ActiveCfg = Debug|Any CPU
		{60BA59F6-B4AC-4BAA-90B2-4E1C08428F85}.Debug|Any CPU.Build.0 = Debug|Any CPU
		{60BA59F6-B4AC-4BAA-90B2-4E1C08428F85}.Release|Any CPU.ActiveCfg = Release|Any CPU
		{60BA59F6-B4AC-4BAA-90B2-4E1C08428F85}.Release|Any CPU.Build.0 = Release|Any CPU
	EndGlobalSection
	GlobalSection(SolutionProperties) = preSolution
		HideSolutionNode = FALSE
	EndGlobalSection
	GlobalSection(ExtensibilityGlobals) = postSolution
		SolutionGuid = {30CBAA59-AEFD-4BF4-8485-D012C0DF846E}
	EndGlobalSection
EndGlobal
