
Microsoft Visual Studio Solution File, Format Version 12.00
# Visual Studio 15
VisualStudioVersion = 15.0.28307.572
MinimumVisualStudioVersion = 10.0.40219.1
Project("{FAE04EC0-301F-11D3-BF4B-00C04F79EFBC}") = "WardrobeAddonMaker", "WardrobeAddonMaker\WardrobeAddonMaker.csproj", "{34700BD5-3036-4735-AD44-52BD44B21044}"
EndProject
Global
	GlobalSection(SolutionConfigurationPlatforms) = preSolution
		Debug|Any CPU = Debug|Any CPU
		Release|Any CPU = Release|Any CPU
	EndGlobalSection
	GlobalSection(ProjectConfigurationPlatforms) = postSolution
		{34700BD5-3036-4735-AD44-52BD44B21044}.Debug|Any CPU.ActiveCfg = Debug|Any CPU
		{34700BD5-3036-4735-AD44-52BD44B21044}.Debug|Any CPU.Build.0 = Debug|Any CPU
		{34700BD5-3036-4735-AD44-52BD44B21044}.Release|Any CPU.ActiveCfg = Release|Any CPU
		{34700BD5-3036-4735-AD44-52BD44B21044}.Release|Any CPU.Build.0 = Release|Any CPU
	EndGlobalSection
	GlobalSection(SolutionProperties) = preSolution
		HideSolutionNode = FALSE
	EndGlobalSection
	GlobalSection(ExtensibilityGlobals) = postSolution
		SolutionGuid = {1B796B30-A7CF-4E75-810A-67174D6144E9}
	EndGlobalSection
EndGlobal
